<?xml version="1.0" encoding="UTF-8" standalone="yes" ?>
<CodeBlocks_project_file>
	<FileVersion major="1" minor="6" />
	<Project>
		<Option title="realtimeDisparity" />
		<Option execution_dir="../build" />
		<Option pch_mode="2" />
		<Option compiler="gcc" />
		<Build>
			<Target title="Debug">
				<Option output="bin/Debug/realtimeDisparity" prefix_auto="1" extension_auto="1" />
				<Option object_output="obj/Debug/" />
				<Option type="1" />
				<Option compiler="gcc" />
				<Compiler>
					<Add option="-g" />
				</Compiler>
			</Target>
			<Target title="Release">
				<Option output="bin/Release/realtimeDisparity" prefix_auto="1" extension_auto="1" />
				<Option object_output="obj/Release/" />
				<Option type="1" />
				<Option compiler="gcc" />
				<Option use_console_runner="0" />
				<Compiler>
					<Add option="-O2" />
					<Add option="-s" />
				</Compiler>
			</Target>
		</Build>
		<Compiler>
			<Add option="-Wall" />
			<Add option="-I/home/zhao/localinstall/include/opencv" />
			<Add option="-I/home/zhao/localinstall/include" />
			<Add option="-I/home/zhao/localinstall/include/pcl-1.7" />
			<Add option="-I/usr/include/ni" />
			<Add option="-I/usr/include/openni2" />
			<Add option="-msse3" />
			<Add option="-I../elas" />
			<Add option="-I/usr/include/flycapture" />
			<Add option="-I/usr/include/vtk-5.8" />
			<Add option="-I/usr/include/eigen3" />
		</Compiler>
		<Linker>
			<Add option="-L/usr/lib/x86_64-linux-gnu/" />
			<Add option="-L/usr/local/cuda-6.0/lib64" />
			<Add option="-lflycapture" />
			<Add option="-lboost_system" />
			<Add option="-L/home/zhao/localinstall/lib -L/usr/lib/OpenNI2/Drivers -lpcl_keypoints -lpcl_outofcore -lpcl_people -lpcl_recognition -lpcl_registration -lpcl_segmentation -lpcl_features -lpcl_ml -lpcl_2d -lpcl_stereo -lpcl_surface -lpcl_tracking -lpcl_filters -lpcl_sample_consensus -lpcl_visualization -lOpenNI2 -lDummyDevice -lOniFile -lPS1080  -lpcl_io -lpcl_search -lOpenNI -lpcl_kdtree -lpcl_octree -lflann_cpp -lpcl_common" />
			<Add option="/home/zhao/localinstall/lib/libopencv_calib3d.so /home/zhao/localinstall/lib/libopencv_contrib.so /home/zhao/localinstall/lib/libopencv_core.so /home/zhao/localinstall/lib/libopencv_cuda.so /home/zhao/localinstall/lib/libopencv_cudaarithm.so /home/zhao/localinstall/lib/libopencv_cudabgsegm.so /home/zhao/localinstall/lib/libopencv_cudacodec.so /home/zhao/localinstall/lib/libopencv_cudafeatures2d.so /home/zhao/localinstall/lib/libopencv_cudafilters.so /home/zhao/localinstall/lib/libopencv_cudaimgproc.so /home/zhao/localinstall/lib/libopencv_cudalegacy.so /home/zhao/localinstall/lib/libopencv_cudaoptflow.so /home/zhao/localinstall/lib/libopencv_cudastereo.so /home/zhao/localinstall/lib/libopencv_cudawarping.so /home/zhao/localinstall/lib/libopencv_cudev.so /home/zhao/localinstall/lib/libopencv_features2d.so /home/zhao/localinstall/lib/libopencv_flann.so /home/zhao/localinstall/lib/libopencv_highgui.so /home/zhao/localinstall/lib/libopencv_imgproc.so /home/zhao/localinstall/lib/libopencv_legacy.so /home/zhao/localinstall/lib/libopencv_ml.so /home/zhao/localinstall/lib/libopencv_nonfree.so /home/zhao/localinstall/lib/libopencv_objdetect.so /home/zhao/localinstall/lib/libopencv_optim.so /home/zhao/localinstall/lib/libopencv_photo.so /home/zhao/localinstall/lib/libopencv_shape.so /home/zhao/localinstall/lib/libopencv_softcascade.so /home/zhao/localinstall/lib/libopencv_stitching.so /home/zhao/localinstall/lib/libopencv_superres.so /home/zhao/localinstall/lib/libopencv_ts.a /home/zhao/localinstall/share/OpenCV/3rdparty/lib/libippicv.a /home/zhao/localinstall/lib/libopencv_video.so /home/zhao/localinstall/lib/libopencv_videostab.so /home/zhao/localinstall/lib/libopencv_viz.so /usr/lib/x86_64-linux-gnu/libXext.so /usr/lib/x86_64-linux-gnu/libX11.so /usr/lib/x86_64-linux-gnu/libICE.so /usr/lib/x86_64-linux-gnu/libSM.so /usr/lib/x86_64-linux-gnu/libGL.so /usr/lib/x86_64-linux-gnu/libGLU.so -lcufft -lnpps -lnppi -lnppc -lcudart -ltbb -lrt -lpthread -lm -ldl" />
		</Linker>
		<Unit filename="../elas/descriptor.cpp" />
		<Unit filename="../elas/descriptor.h" />
		<Unit filename="../elas/elas.cpp" />
		<Unit filename="../elas/elas.h" />
		<Unit filename="../elas/filter.cpp" />
		<Unit filename="../elas/filter.h" />
		<Unit filename="../elas/image.h" />
		<Unit filename="../elas/matrix.cpp" />
		<Unit filename="../elas/matrix.h" />
		<Unit filename="../elas/timer.h" />
		<Unit filename="../elas/triangle.cpp" />
		<Unit filename="../elas/triangle.h" />
		<Unit filename="../elas_main.cpp">
			<Option target="&lt;{~None~}&gt;" />
		</Unit>
		<Unit filename="../main.cpp" />
		<Unit filename="lena.jpg">
			<Option target="&lt;{~None~}&gt;" />
		</Unit>
		<Extensions>
			<code_completion />
			<debugger />
			<DoxyBlocks>
				<comment_style block="1" line="1" />
				<doxyfile_project />
				<doxyfile_build />
				<doxyfile_warnings />
				<doxyfile_output />
				<doxyfile_dot />
				<general />
			</DoxyBlocks>
			<envvars />
		</Extensions>
	</Project>
</CodeBlocks_project_file>
